
Microsoft Visual Studio Solution File, Format Version 12.00
# Visual Studio Version 17
VisualStudioVersion = 17.0.31903.59
MinimumVisualStudioVersion = 10.0.40219.1
Project("{2150E333-8FDC-42A3-9474-1A3956D46DE8}") = "src", "src", "{63BADE39-C9A4-425A-920C-9C915012151F}"
EndProject
Project("{FAE04EC0-301F-11D3-BF4B-00C04F79EFBC}") = "ShopHub.Application", "src\ShopHub.Application\ShopHub.Application.csproj", "{DFF05D08-475D-4D28-89CE-4B6E2135F36B}"
EndProject
Project("{FAE04EC0-301F-11D3-BF4B-00C04F79EFBC}") = "ShopHub.Domain", "src\ShopHub.Domain\ShopHub.Domain.csproj", "{C751F660-BB00-4E43-9C89-6EDD06276D5B}"
EndProject
Project("{FAE04EC0-301F-11D3-BF4B-00C04F79EFBC}") = "ShopHub.Infrastructure", "src\ShopHub.Infrastructure\ShopHub.Infrastructure.csproj", "{F88F7123-9684-4E27-80C7-2D40484EE27D}"
EndProject
Project("{FAE04EC0-301F-11D3-BF4B-00C04F79EFBC}") = "ShopHub.Api", "src\ShopHub.Api\ShopHub.Api.csproj", "{C433FA5A-9B26-4F67-82B2-1D347197714C}"
EndProject
Global
	GlobalSection(SolutionConfigurationPlatforms) = preSolution
		Debug|Any CPU = Debug|Any CPU
		Release|Any CPU = Release|Any CPU
	EndGlobalSection
	GlobalSection(SolutionProperties) = preSolution
		HideSolutionNode = FALSE
	EndGlobalSection
	GlobalSection(ProjectConfigurationPlatforms) = postSolution
		{DFF05D08-475D-4D28-89CE-4B6E2135F36B}.Debug|Any CPU.ActiveCfg = Debug|Any CPU
		{DFF05D08-475D-4D28-89CE-4B6E2135F36B}.Debug|Any CPU.Build.0 = Debug|Any CPU
		{DFF05D08-475D-4D28-89CE-4B6E2135F36B}.Release|Any CPU.ActiveCfg = Release|Any CPU
		{DFF05D08-475D-4D28-89CE-4B6E2135F36B}.Release|Any CPU.Build.0 = Release|Any CPU
		{C751F660-BB00-4E43-9C89-6EDD06276D5B}.Debug|Any CPU.ActiveCfg = Debug|Any CPU
		{C751F660-BB00-4E43-9C89-6EDD06276D5B}.Debug|Any CPU.Build.0 = Debug|Any CPU
		{C751F660-BB00-4E43-9C89-6EDD06276D5B}.Release|Any CPU.ActiveCfg = Release|Any CPU
		{C751F660-BB00-4E43-9C89-6EDD06276D5B}.Release|Any CPU.Build.0 = Release|Any CPU
		{F88F7123-9684-4E27-80C7-2D40484EE27D}.Debug|Any CPU.ActiveCfg = Debug|Any CPU
		{F88F7123-9684-4E27-80C7-2D40484EE27D}.Debug|Any CPU.Build.0 = Debug|Any CPU
		{F88F7123-9684-4E27-80C7-2D40484EE27D}.Release|Any CPU.ActiveCfg = Release|Any CPU
		{F88F7123-9684-4E27-80C7-2D40484EE27D}.Release|Any CPU.Build.0 = Release|Any CPU
		{C433FA5A-9B26-4F67-82B2-1D347197714C}.Debug|Any CPU.ActiveCfg = Debug|Any CPU
		{C433FA5A-9B26-4F67-82B2-1D347197714C}.Debug|Any CPU.Build.0 = Debug|Any CPU
		{C433FA5A-9B26-4F67-82B2-1D347197714C}.Release|Any CPU.ActiveCfg = Release|Any CPU
		{C433FA5A-9B26-4F67-82B2-1D347197714C}.Release|Any CPU.Build.0 = Release|Any CPU
	EndGlobalSection
	GlobalSection(NestedProjects) = preSolution
		{DFF05D08-475D-4D28-89CE-4B6E2135F36B} = {63BADE39-C9A4-425A-920C-9C915012151F}
		{C751F660-BB00-4E43-9C89-6EDD06276D5B} = {63BADE39-C9A4-425A-920C-9C915012151F}
		{F88F7123-9684-4E27-80C7-2D40484EE27D} = {63BADE39-C9A4-425A-920C-9C915012151F}
		{C433FA5A-9B26-4F67-82B2-1D347197714C} = {63BADE39-C9A4-425A-920C-9C915012151F}
	EndGlobalSection
EndGlobal
